
Microsoft Visual Studio Solution File, Format Version 12.00
# Visual Studio Version 16
VisualStudioVersion = 25.0.1706.9
MinimumVisualStudioVersion = 10.0.40219.1
Project("{FAE04EC0-301F-11D3-BF4B-00C04F79EFBC}") = "week4_updated", "week4_updated\week4_updated.csproj", "{9F06E750-30E8-499A-B0A5-777E5E9359A8}"
EndProject
Global
	GlobalSection(SolutionConfigurationPlatforms) = preSolution
		Debug|Any CPU = Debug|Any CPU
		Release|Any CPU = Release|Any CPU
	EndGlobalSection
	GlobalSection(ProjectConfigurationPlatforms) = postSolution
		{9F06E750-30E8-499A-B0A5-777E5E9359A8}.Debug|Any CPU.ActiveCfg = Debug|Any CPU
		{9F06E750-30E8-499A-B0A5-777E5E9359A8}.Debug|Any CPU.Build.0 = Debug|Any CPU
		{9F06E750-30E8-499A-B0A5-777E5E9359A8}.Release|Any CPU.ActiveCfg = Release|Any CPU
		{9F06E750-30E8-499A-B0A5-777E5E9359A8}.Release|Any CPU.Build.0 = Release|Any CPU
	EndGlobalSection
	GlobalSection(SolutionProperties) = preSolution
		HideSolutionNode = FALSE
	EndGlobalSection
	GlobalSection(ExtensibilityGlobals) = postSolution
		SolutionGuid = {66C843F1-A5DD-4646-AC8F-9AA4DD390B19}
	EndGlobalSection
EndGlobal
